
Microsoft Visual Studio Solution File, Format Version 12.00
# Visual Studio Version 16
VisualStudioVersion = 16.0.30204.135
MinimumVisualStudioVersion = 10.0.40219.1
Project("{FAE04EC0-301F-11D3-BF4B-00C04F79EFBC}") = "CSharpExercise15-2", "CSharpExercise15-2.csproj", "{7479C386-0F12-434A-978E-40D7DCDA73F1}"
EndProject
Global
	GlobalSection(SolutionConfigurationPlatforms) = preSolution
		Debug|Any CPU = Debug|Any CPU
		Release|Any CPU = Release|Any CPU
	EndGlobalSection
	GlobalSection(ProjectConfigurationPlatforms) = postSolution
		{7479C386-0F12-434A-978E-40D7DCDA73F1}.Debug|Any CPU.ActiveCfg = Debug|Any CPU
		{7479C386-0F12-434A-978E-40D7DCDA73F1}.Debug|Any CPU.Build.0 = Debug|Any CPU
		{7479C386-0F12-434A-978E-40D7DCDA73F1}.Release|Any CPU.ActiveCfg = Release|Any CPU
		{7479C386-0F12-434A-978E-40D7DCDA73F1}.Release|Any CPU.Build.0 = Release|Any CPU
	EndGlobalSection
	GlobalSection(SolutionProperties) = preSolution
		HideSolutionNode = FALSE
	EndGlobalSection
	GlobalSection(ExtensibilityGlobals) = postSolution
		SolutionGuid = {3C36681D-CF42-4ED3-8F2B-7753A85252E3}
	EndGlobalSection
EndGlobal
